
Microsoft Visual Studio Solution File, Format Version 12.00
# Visual Studio Version 17
VisualStudioVersion = 17.6.33815.320
MinimumVisualStudioVersion = 10.0.40219.1
Project("{888888A0-9F3D-457C-B088-3A5042F75D52}") = "22-163-args-kwargs", "22-163-args-kwargs\22-163-args-kwargs.pyproj", "{88548A04-0D7D-47D3-846A-486CC752C088}"
EndProject
Global
	GlobalSection(SolutionConfigurationPlatforms) = preSolution
		Debug|Any CPU = Debug|Any CPU
		Release|Any CPU = Release|Any CPU
	EndGlobalSection
	GlobalSection(ProjectConfigurationPlatforms) = postSolution
		{88548A04-0D7D-47D3-846A-486CC752C088}.Debug|Any CPU.ActiveCfg = Debug|Any CPU
		{88548A04-0D7D-47D3-846A-486CC752C088}.Release|Any CPU.ActiveCfg = Release|Any CPU
	EndGlobalSection
	GlobalSection(SolutionProperties) = preSolution
		HideSolutionNode = FALSE
	EndGlobalSection
	GlobalSection(ExtensibilityGlobals) = postSolution
		SolutionGuid = {B3B19721-1D69-4B94-B3A3-D80ACEADAD9B}
	EndGlobalSection
EndGlobal
