
Microsoft Visual Studio Solution File, Format Version 12.00
# Visual Studio Version 17
VisualStudioVersion = 17.6.33815.320
MinimumVisualStudioVersion = 10.0.40219.1
Project("{888888A0-9F3D-457C-B088-3A5042F75D52}") = "20-149-peak-dictionary", "20-149-peak-dictionary\20-149-peak-dictionary.pyproj", "{EB227B24-C6FE-4FFD-9086-0B2C3AB00601}"
EndProject
Global
	GlobalSection(SolutionConfigurationPlatforms) = preSolution
		Debug|Any CPU = Debug|Any CPU
		Release|Any CPU = Release|Any CPU
	EndGlobalSection
	GlobalSection(ProjectConfigurationPlatforms) = postSolution
		{EB227B24-C6FE-4FFD-9086-0B2C3AB00601}.Debug|Any CPU.ActiveCfg = Debug|Any CPU
		{EB227B24-C6FE-4FFD-9086-0B2C3AB00601}.Release|Any CPU.ActiveCfg = Release|Any CPU
	EndGlobalSection
	GlobalSection(SolutionProperties) = preSolution
		HideSolutionNode = FALSE
	EndGlobalSection
	GlobalSection(ExtensibilityGlobals) = postSolution
		SolutionGuid = {ED0B310C-6237-4326-968E-92A20A9E5C94}
	EndGlobalSection
EndGlobal
