
Microsoft Visual Studio Solution File, Format Version 12.00
# Visual Studio Version 17
VisualStudioVersion = 17.6.33815.320
MinimumVisualStudioVersion = 10.0.40219.1
Project("{888888A0-9F3D-457C-B088-3A5042F75D52}") = "18-128-grand-prix", "18-128-grand-prix\18-128-grand-prix.pyproj", "{CAC7AA9B-79F8-4E17-A3F7-C8CC1ED3FC9A}"
EndProject
Global
	GlobalSection(SolutionConfigurationPlatforms) = preSolution
		Debug|Any CPU = Debug|Any CPU
		Release|Any CPU = Release|Any CPU
	EndGlobalSection
	GlobalSection(ProjectConfigurationPlatforms) = postSolution
		{CAC7AA9B-79F8-4E17-A3F7-C8CC1ED3FC9A}.Debug|Any CPU.ActiveCfg = Debug|Any CPU
		{CAC7AA9B-79F8-4E17-A3F7-C8CC1ED3FC9A}.Release|Any CPU.ActiveCfg = Release|Any CPU
	EndGlobalSection
	GlobalSection(SolutionProperties) = preSolution
		HideSolutionNode = FALSE
	EndGlobalSection
	GlobalSection(ExtensibilityGlobals) = postSolution
		SolutionGuid = {E7F04842-3D28-4207-8AA1-5AAFA635426D}
	EndGlobalSection
EndGlobal
