
Microsoft Visual Studio Solution File, Format Version 12.00
# Visual Studio Version 17
VisualStudioVersion = 17.6.33815.320
MinimumVisualStudioVersion = 10.0.40219.1
Project("{888888A0-9F3D-457C-B088-3A5042F75D52}") = "7-29-age-in-days", "7-29-age-in-days\7-29-age-in-days.pyproj", "{CCEC0EC9-911F-4EEB-B37A-133445A4420C}"
EndProject
Global
	GlobalSection(SolutionConfigurationPlatforms) = preSolution
		Debug|Any CPU = Debug|Any CPU
		Release|Any CPU = Release|Any CPU
	EndGlobalSection
	GlobalSection(ProjectConfigurationPlatforms) = postSolution
		{CCEC0EC9-911F-4EEB-B37A-133445A4420C}.Debug|Any CPU.ActiveCfg = Debug|Any CPU
		{CCEC0EC9-911F-4EEB-B37A-133445A4420C}.Release|Any CPU.ActiveCfg = Release|Any CPU
	EndGlobalSection
	GlobalSection(SolutionProperties) = preSolution
		HideSolutionNode = FALSE
	EndGlobalSection
	GlobalSection(ExtensibilityGlobals) = postSolution
		SolutionGuid = {51F6DEF3-40D0-4A21-A4EF-0012451617D0}
	EndGlobalSection
EndGlobal
